// !$*UTF8*$!
{
	archiveVersion = 1;
	classes = {
	};
	objectVersion = 46;
	objects = {

/* Begin PBXBuildFile section */
		4D2B40491BA951F100297939 /* AppDelegate.swift in Sources */ = {isa = PBXBuildFile; fileRef = 4D2B40481BA951F100297939 /* AppDelegate.swift */; };
		4D2B404B1BA951F100297939 /* ViewController.swift in Sources */ = {isa = PBXBuildFile; fileRef = 4D2B404A1BA951F100297939 /* ViewController.swift */; };
		4D2B404E1BA951F100297939 /* Main.storyboard in Resources */ = {isa = PBXBuildFile; fileRef = 4D2B404C1BA951F100297939 /* Main.storyboard */; };
		4D2B40501BA951F100297939 /* Images.xcassets in Resources */ = {isa = PBXBuildFile; fileRef = 4D2B404F1BA951F100297939 /* Images.xcassets */; };
		4D2B40531BA951F100297939 /* LaunchScreen.xib in Resources */ = {isa = PBXBuildFile; fileRef = 4D2B40511BA951F100297939 /* LaunchScreen.xib */; };
		4D2B405F1BA951F100297939 /* ImagePassTests.swift in Sources */ = {isa = PBXBuildFile; fileRef = 4D2B405E1BA951F100297939 /* ImagePassTests.swift */; };
		4DB291351BBB7EB8006433D1 /* ViewController_Main.swift in Sources */ = {isa = PBXBuildFile; fileRef = 4DB291341BBB7EB8006433D1 /* ViewController_Main.swift */; };
		4DB291371BBB82CE006433D1 /* ViewController_satsuei.swift in Sources */ = {isa = PBXBuildFile; fileRef = 4DB291361BBB82CE006433D1 /* ViewController_satsuei.swift */; };
		4DB291391BBB82D9006433D1 /* ViewController_etsuran.swift in Sources */ = {isa = PBXBuildFile; fileRef = 4DB291381BBB82D9006433D1 /* ViewController_etsuran.swift */; };
		4DB2913B1BBB82E3006433D1 /* ViewController_edit.swift in Sources */ = {isa = PBXBuildFile; fileRef = 4DB2913A1BBB82E3006433D1 /* ViewController_edit.swift */; };
		4DFAB4CE1BE9D8F1001284D2 /* MapKit.framework in Frameworks */ = {isa = PBXBuildFile; fileRef = 4DFAB4CD1BE9D8F1001284D2 /* MapKit.framework */; };
		6D3156AD1BF35186006B1C0F /* CoreLocation.framework in Frameworks */ = {isa = PBXBuildFile; fileRef = 6D3156AC1BF35186006B1C0F /* CoreLocation.framework */; };
		C5975F331BC12ABC0003CA6C /* ViewController_matching.swift in Sources */ = {isa = PBXBuildFile; fileRef = C5975F321BC12ABC0003CA6C /* ViewController_matching.swift */; settings = {ASSET_TAGS = (); }; };
/* End PBXBuildFile section */

/* Begin PBXContainerItemProxy section */
		4D2B40591BA951F100297939 /* PBXContainerItemProxy */ = {
			isa = PBXContainerItemProxy;
			containerPortal = 4D2B403B1BA951F100297939 /* Project object */;
			proxyType = 1;
			remoteGlobalIDString = 4D2B40421BA951F100297939;
			remoteInfo = ImagePass;
		};
/* End PBXContainerItemProxy section */

/* Begin PBXFileReference section */
		4D2B40431BA951F100297939 /* ImagePass.app */ = {isa = PBXFileReference; explicitFileType = wrapper.application; includeInIndex = 0; path = ImagePass.app; sourceTree = BUILT_PRODUCTS_DIR; };
		4D2B40471BA951F100297939 /* Info.plist */ = {isa = PBXFileReference; lastKnownFileType = text.plist.xml; path = Info.plist; sourceTree = "<group>"; };
		4D2B40481BA951F100297939 /* AppDelegate.swift */ = {isa = PBXFileReference; lastKnownFileType = sourcecode.swift; path = AppDelegate.swift; sourceTree = "<group>"; };
		4D2B404A1BA951F100297939 /* ViewController.swift */ = {isa = PBXFileReference; lastKnownFileType = sourcecode.swift; path = ViewController.swift; sourceTree = "<group>"; };
		4D2B404D1BA951F100297939 /* Base */ = {isa = PBXFileReference; lastKnownFileType = file.storyboard; name = Base; path = Base.lproj/Main.storyboard; sourceTree = "<group>"; };
		4D2B404F1BA951F100297939 /* Images.xcassets */ = {isa = PBXFileReference; lastKnownFileType = folder.assetcatalog; path = Images.xcassets; sourceTree = "<group>"; };
		4D2B40521BA951F100297939 /* Base */ = {isa = PBXFileReference; lastKnownFileType = file.xib; name = Base; path = Base.lproj/LaunchScreen.xib; sourceTree = "<group>"; };
		4D2B40581BA951F100297939 /* ImagePassTests.xctest */ = {isa = PBXFileReference; explicitFileType = wrapper.cfbundle; includeInIndex = 0; path = ImagePassTests.xctest; sourceTree = BUILT_PRODUCTS_DIR; };
		4D2B405D1BA951F100297939 /* Info.plist */ = {isa = PBXFileReference; lastKnownFileType = text.plist.xml; path = Info.plist; sourceTree = "<group>"; };
		4D2B405E1BA951F100297939 /* ImagePassTests.swift */ = {isa = PBXFileReference; lastKnownFileType = sourcecode.swift; path = ImagePassTests.swift; sourceTree = "<group>"; };
		4DB291341BBB7EB8006433D1 /* ViewController_Main.swift */ = {isa = PBXFileReference; fileEncoding = 4; lastKnownFileType = sourcecode.swift; path = ViewController_Main.swift; sourceTree = "<group>"; };
		4DB291361BBB82CE006433D1 /* ViewController_satsuei.swift */ = {isa = PBXFileReference; fileEncoding = 4; lastKnownFileType = sourcecode.swift; path = ViewController_satsuei.swift; sourceTree = "<group>"; };
		4DB291381BBB82D9006433D1 /* ViewController_etsuran.swift */ = {isa = PBXFileReference; fileEncoding = 4; lastKnownFileType = sourcecode.swift; path = ViewController_etsuran.swift; sourceTree = "<group>"; };
		4DB2913A1BBB82E3006433D1 /* ViewController_edit.swift */ = {isa = PBXFileReference; fileEncoding = 4; lastKnownFileType = sourcecode.swift; path = ViewController_edit.swift; sourceTree = "<group>"; };
		4DFAB4CD1BE9D8F1001284D2 /* MapKit.framework */ = {isa = PBXFileReference; lastKnownFileType = wrapper.framework; name = MapKit.framework; path = System/Library/Frameworks/MapKit.framework; sourceTree = SDKROOT; };
		6D3156AC1BF35186006B1C0F /* CoreLocation.framework */ = {isa = PBXFileReference; lastKnownFileType = wrapper.framework; name = CoreLocation.framework; path = System/Library/Frameworks/CoreLocation.framework; sourceTree = SDKROOT; };
		C5975F321BC12ABC0003CA6C /* ViewController_matching.swift */ = {isa = PBXFileReference; fileEncoding = 4; lastKnownFileType = sourcecode.swift; path = ViewController_matching.swift; sourceTree = "<group>"; };
/* End PBXFileReference section */

/* Begin PBXFrameworksBuildPhase section */
		4D2B40401BA951F100297939 /* Frameworks */ = {
			isa = PBXFrameworksBuildPhase;
			buildActionMask = 2147483647;
			files = (
				6D3156AD1BF35186006B1C0F /* CoreLocation.framework in Frameworks */,
				4DFAB4CE1BE9D8F1001284D2 /* MapKit.framework in Frameworks */,
			);
			runOnlyForDeploymentPostprocessing = 0;
		};
		4D2B40551BA951F100297939 /* Frameworks */ = {
			isa = PBXFrameworksBuildPhase;
			buildActionMask = 2147483647;
			files = (
			);
			runOnlyForDeploymentPostprocessing = 0;
		};
/* End PBXFrameworksBuildPhase section */

/* Begin PBXGroup section */
		4D2B403A1BA951F100297939 = {
			isa = PBXGroup;
			children = (
				6D3156AC1BF35186006B1C0F /* CoreLocation.framework */,
				4DFAB4CD1BE9D8F1001284D2 /* MapKit.framework */,
				4D2B40451BA951F100297939 /* ImagePass */,
				4D2B405B1BA951F100297939 /* ImagePassTests */,
				4D2B40441BA951F100297939 /* Products */,
			);
			sourceTree = "<group>";
		};
		4D2B40441BA951F100297939 /* Products */ = {
			isa = PBXGroup;
			children = (
				4D2B40431BA951F100297939 /* ImagePass.app */,
				4D2B40581BA951F100297939 /* ImagePassTests.xctest */,
			);
			name = Products;
			sourceTree = "<group>";
		};
		4D2B40451BA951F100297939 /* ImagePass */ = {
			isa = PBXGroup;
			children = (
				4D2B40481BA951F100297939 /* AppDelegate.swift */,
				4D2B404A1BA951F100297939 /* ViewController.swift */,
				4DB2913A1BBB82E3006433D1 /* ViewController_edit.swift */,
				4DB291381BBB82D9006433D1 /* ViewController_etsuran.swift */,
				4DB291361BBB82CE006433D1 /* ViewController_satsuei.swift */,
				C5975F321BC12ABC0003CA6C /* ViewController_matching.swift */,
				4DB291341BBB7EB8006433D1 /* ViewController_Main.swift */,
				4D2B404C1BA951F100297939 /* Main.storyboard */,
				4D2B404F1BA951F100297939 /* Images.xcassets */,
				4D2B40511BA951F100297939 /* LaunchScreen.xib */,
				4D2B40461BA951F100297939 /* Supporting Files */,
			);
			path = ImagePass;
			sourceTree = "<group>";
		};
		4D2B40461BA951F100297939 /* Supporting Files */ = {
			isa = PBXGroup;
			children = (
				4D2B40471BA951F100297939 /* Info.plist */,
			);
			name = "Supporting Files";
			sourceTree = "<group>";
		};
		4D2B405B1BA951F100297939 /* ImagePassTests */ = {
			isa = PBXGroup;
			children = (
				4D2B405E1BA951F100297939 /* ImagePassTests.swift */,
				4D2B405C1BA951F100297939 /* Supporting Files */,
			);
			path = ImagePassTests;
			sourceTree = "<group>";
		};
		4D2B405C1BA951F100297939 /* Supporting Files */ = {
			isa = PBXGroup;
			children = (
				4D2B405D1BA951F100297939 /* Info.plist */,
			);
			name = "Supporting Files";
			sourceTree = "<group>";
		};
/* End PBXGroup section */

/* Begin PBXNativeTarget section */
		4D2B40421BA951F100297939 /* ImagePass */ = {
			isa = PBXNativeTarget;
			buildConfigurationList = 4D2B40621BA951F100297939 /* Build configuration list for PBXNativeTarget "ImagePass" */;
			buildPhases = (
				4D2B403F1BA951F100297939 /* Sources */,
				4D2B40401BA951F100297939 /* Frameworks */,
				4D2B40411BA951F100297939 /* Resources */,
			);
			buildRules = (
			);
			dependencies = (
			);
			name = ImagePass;
			productName = ImagePass;
			productReference = 4D2B40431BA951F100297939 /* ImagePass.app */;
			productType = "com.apple.product-type.application";
		};
		4D2B40571BA951F100297939 /* ImagePassTests */ = {
			isa = PBXNativeTarget;
			buildConfigurationList = 4D2B40651BA951F100297939 /* Build configuration list for PBXNativeTarget "ImagePassTests" */;
			buildPhases = (
				4D2B40541BA951F100297939 /* Sources */,
				4D2B40551BA951F100297939 /* Frameworks */,
				4D2B40561BA951F100297939 /* Resources */,
			);
			buildRules = (
			);
			dependencies = (
				4D2B405A1BA951F100297939 /* PBXTargetDependency */,
			);
			name = ImagePassTests;
			productName = ImagePassTests;
			productReference = 4D2B40581BA951F100297939 /* ImagePassTests.xctest */;
			productType = "com.apple.product-type.bundle.unit-test";
		};
/* End PBXNativeTarget section */

/* Begin PBXProject section */
		4D2B403B1BA951F100297939 /* Project object */ = {
			isa = PBXProject;
			attributes = {
				LastSwiftMigration = 0700;
				LastSwiftUpdateCheck = 0700;
				LastUpgradeCheck = 0700;
				ORGANIZATIONNAME = "川述　優";
				TargetAttributes = {
					4D2B40421BA951F100297939 = {
						CreatedOnToolsVersion = 6.1;
					};
					4D2B40571BA951F100297939 = {
						CreatedOnToolsVersion = 6.1;
						TestTargetID = 4D2B40421BA951F100297939;
					};
				};
			};
			buildConfigurationList = 4D2B403E1BA951F100297939 /* Build configuration list for PBXProject "ImagePass" */;
			compatibilityVersion = "Xcode 3.2";
			developmentRegion = English;
			hasScannedForEncodings = 0;
			knownRegions = (
				en,
				Base,
			);
			mainGroup = 4D2B403A1BA951F100297939;
			productRefGroup = 4D2B40441BA951F100297939 /* Products */;
			projectDirPath = "";
			projectRoot = "";
			targets = (
				4D2B40421BA951F100297939 /* ImagePass */,
				4D2B40571BA951F100297939 /* ImagePassTests */,
			);
		};
/* End PBXProject section */

/* Begin PBXResourcesBuildPhase section */
		4D2B40411BA951F100297939 /* Resources */ = {
			isa = PBXResourcesBuildPhase;
			buildActionMask = 2147483647;
			files = (
				4D2B404E1BA951F100297939 /* Main.storyboard in Resources */,
				4D2B40531BA951F100297939 /* LaunchScreen.xib in Resources */,
				4D2B40501BA951F100297939 /* Images.xcassets in Resources */,
			);
			runOnlyForDeploymentPostprocessing = 0;
		};
		4D2B40561BA951F100297939 /* Resources */ = {
			isa = PBXResourcesBuildPhase;
			buildActionMask = 2147483647;
			files = (
			);
			runOnlyForDeploymentPostprocessing = 0;
		};
/* End PBXResourcesBuildPhase section */

/* Begin PBXSourcesBuildPhase section */
		4D2B403F1BA951F100297939 /* Sources */ = {
			isa = PBXSourcesBuildPhase;
			buildActionMask = 2147483647;
			files = (
				4D2B404B1BA951F100297939 /* ViewController.swift in Sources */,
				4DB291351BBB7EB8006433D1 /* ViewController_Main.swift in Sources */,
				4DB291391BBB82D9006433D1 /* ViewController_etsuran.swift in Sources */,
				4D2B40491BA951F100297939 /* AppDelegate.swift in Sources */,
				C5975F331BC12ABC0003CA6C /* ViewController_matching.swift in Sources */,
				4DB2913B1BBB82E3006433D1 /* ViewController_edit.swift in Sources */,
				4DB291371BBB82CE006433D1 /* ViewController_satsuei.swift in Sources */,
			);
			runOnlyForDeploymentPostprocessing = 0;
		};
		4D2B40541BA951F100297939 /* Sources */ = {
			isa = PBXSourcesBuildPhase;
			buildActionMask = 2147483647;
			files = (
				4D2B405F1BA951F100297939 /* ImagePassTests.swift in Sources */,
			);
			runOnlyForDeploymentPostprocessing = 0;
		};
/* End PBXSourcesBuildPhase section */

/* Begin PBXTargetDependency section */
		4D2B405A1BA951F100297939 /* PBXTargetDependency */ = {
			isa = PBXTargetDependency;
			target = 4D2B40421BA951F100297939 /* ImagePass */;
			targetProxy = 4D2B40591BA951F100297939 /* PBXContainerItemProxy */;
		};
/* End PBXTargetDependency section */

/* Begin PBXVariantGroup section */
		4D2B404C1BA951F100297939 /* Main.storyboard */ = {
			isa = PBXVariantGroup;
			children = (
				4D2B404D1BA951F100297939 /* Base */,
			);
			name = Main.storyboard;
			sourceTree = "<group>";
		};
		4D2B40511BA951F100297939 /* LaunchScreen.xib */ = {
			isa = PBXVariantGroup;
			children = (
				4D2B40521BA951F100297939 /* Base */,
			);
			name = LaunchScreen.xib;
			sourceTree = "<group>";
		};
/* End PBXVariantGroup section */

/* Begin XCBuildConfiguration section */
		4D2B40601BA951F100297939 /* Debug */ = {
			isa = XCBuildConfiguration;
			buildSettings = {
				ALWAYS_SEARCH_USER_PATHS = NO;
				CLANG_CXX_LANGUAGE_STANDARD = "gnu++0x";
				CLANG_CXX_LIBRARY = "libc++";
				CLANG_ENABLE_MODULES = YES;
				CLANG_ENABLE_OBJC_ARC = YES;
				CLANG_WARN_BOOL_CONVERSION = YES;
				CLANG_WARN_CONSTANT_CONVERSION = YES;
				CLANG_WARN_DIRECT_OBJC_ISA_USAGE = YES_ERROR;
				CLANG_WARN_EMPTY_BODY = YES;
				CLANG_WARN_ENUM_CONVERSION = YES;
				CLANG_WARN_INT_CONVERSION = YES;
				CLANG_WARN_OBJC_ROOT_CLASS = YES_ERROR;
				CLANG_WARN_UNREACHABLE_CODE = YES;
				CLANG_WARN__DUPLICATE_METHOD_MATCH = YES;
				"CODE_SIGN_IDENTITY[sdk=iphoneos*]" = "iPhone Developer";
				COPY_PHASE_STRIP = NO;
				ENABLE_STRICT_OBJC_MSGSEND = YES;
				ENABLE_TESTABILITY = YES;
				GCC_C_LANGUAGE_STANDARD = gnu99;
				GCC_DYNAMIC_NO_PIC = NO;
				GCC_OPTIMIZATION_LEVEL = 0;
				GCC_PREPROCESSOR_DEFINITIONS = (
					"DEBUG=1",
					"$(inherited)",
				);
				GCC_SYMBOLS_PRIVATE_EXTERN = NO;
				GCC_WARN_64_TO_32_BIT_CONVERSION = YES;
				GCC_WARN_ABOUT_RETURN_TYPE = YES_ERROR;
				GCC_WARN_UNDECLARED_SELECTOR = YES;
				GCC_WARN_UNINITIALIZED_AUTOS = YES_AGGRESSIVE;
				GCC_WARN_UNUSED_FUNCTION = YES;
				GCC_WARN_UNUSED_VARIABLE = YES;
				IPHONEOS_DEPLOYMENT_TARGET = 8.1;
				MTL_ENABLE_DEBUG_INFO = YES;
				ONLY_ACTIVE_ARCH = YES;
				SDKROOT = iphoneos;
				SWIFT_OPTIMIZATION_LEVEL = "-Onone";
				TARGETED_DEVICE_FAMILY = "1,2";
			};
			name = Debug;
		};
		4D2B40611BA951F100297939 /* Release */ = {
			isa = XCBuildConfiguration;
			buildSettings = {
				ALWAYS_SEARCH_USER_PATHS = NO;
				CLANG_CXX_LANGUAGE_STANDARD = "gnu++0x";
				CLANG_CXX_LIBRARY = "libc++";
				CLANG_ENABLE_MODULES = YES;
				CLANG_ENABLE_OBJC_ARC = YES;
				CLANG_WARN_BOOL_CONVERSION = YES;
				CLANG_WARN_CONSTANT_CONVERSION = YES;
				CLANG_WARN_DIRECT_OBJC_ISA_USAGE = YES_ERROR;
				CLANG_WARN_EMPTY_BODY = YES;
				CLANG_WARN_ENUM_CONVERSION = YES;
				CLANG_WARN_INT_CONVERSION = YES;
				CLANG_WARN_OBJC_ROOT_CLASS = YES_ERROR;
				CLANG_WARN_UNREACHABLE_CODE = YES;
				CLANG_WARN__DUPLICATE_METHOD_MATCH = YES;
				"CODE_SIGN_IDENTITY[sdk=iphoneos*]" = "iPhone Developer";
				COPY_PHASE_STRIP = YES;
				ENABLE_NS_ASSERTIONS = NO;
				ENABLE_STRICT_OBJC_MSGSEND = YES;
				GCC_C_LANGUAGE_STANDARD = gnu99;
				GCC_WARN_64_TO_32_BIT_CONVERSION = YES;
				GCC_WARN_ABOUT_RETURN_TYPE = YES_ERROR;
				GCC_WARN_UNDECLARED_SELECTOR = YES;
				GCC_WARN_UNINITIALIZED_AUTOS = YES_AGGRESSIVE;
				GCC_WARN_UNUSED_FUNCTION = YES;
				GCC_WARN_UNUSED_VARIABLE = YES;
				IPHONEOS_DEPLOYMENT_TARGET = 8.1;
				MTL_ENABLE_DEBUG_INFO = NO;
				SDKROOT = iphoneos;
				TARGETED_DEVICE_FAMILY = "1,2";
				VALIDATE_PRODUCT = YES;
			};
			name = Release;
		};
		4D2B40631BA951F100297939 /* Debug */ = {
			isa = XCBuildConfiguration;
			buildSettings = {
				ASSETCATALOG_COMPILER_APPICON_NAME = AppIcon;
				INFOPLIST_FILE = ImagePass/Info.plist;
				LD_RUNPATH_SEARCH_PATHS = "$(inherited) @executable_path/Frameworks";
				PRODUCT_BUNDLE_IDENTIFIER = "com.ORC.$(PRODUCT_NAME:rfc1034identifier)";
				PRODUCT_NAME = "$(TARGET_NAME)";
			};
			name = Debug;
		};
		4D2B40641BA951F100297939 /* Release */ = {
			isa = XCBuildConfiguration;
			buildSettings = {
				ASSETCATALOG_COMPILER_APPICON_NAME = AppIcon;
				INFOPLIST_FILE = ImagePass/Info.plist;
				LD_RUNPATH_SEARCH_PATHS = "$(inherited) @executable_path/Frameworks";
				PRODUCT_BUNDLE_IDENTIFIER = "com.ORC.$(PRODUCT_NAME:rfc1034identifier)";
				PRODUCT_NAME = "$(TARGET_NAME)";
			};
			name = Release;
		};
		4D2B40661BA951F100297939 /* Debug */ = {
			isa = XCBuildConfiguration;
			buildSettings = {
				BUNDLE_LOADER = "$(TEST_HOST)";
				FRAMEWORK_SEARCH_PATHS = (
					"$(SDKROOT)/Developer/Library/Frameworks",
					"$(inherited)",
				);
				GCC_PREPROCESSOR_DEFINITIONS = (
					"DEBUG=1",
					"$(inherited)",
				);
				INFOPLIST_FILE = ImagePassTests/Info.plist;
				LD_RUNPATH_SEARCH_PATHS = "$(inherited) @executable_path/Frameworks @loader_path/Frameworks";
				PRODUCT_BUNDLE_IDENTIFIER = "com.ORC.$(PRODUCT_NAME:rfc1034identifier)";
				PRODUCT_NAME = "$(TARGET_NAME)";
				TEST_HOST = "$(BUILT_PRODUCTS_DIR)/ImagePass.app/ImagePass";
			};
			name = Debug;
		};
		4D2B40671BA951F100297939 /* Release */ = {
			isa = XCBuildConfiguration;
			buildSettings = {
				BUNDLE_LOADER = "$(TEST_HOST)";
				FRAMEWORK_SEARCH_PATHS = (
					"$(SDKROOT)/Developer/Library/Frameworks",
					"$(inherited)",
				);
				INFOPLIST_FILE = ImagePassTests/Info.plist;
				LD_RUNPATH_SEARCH_PATHS = "$(inherited) @executable_path/Frameworks @loader_path/Frameworks";
				PRODUCT_BUNDLE_IDENTIFIER = "com.ORC.$(PRODUCT_NAME:rfc1034identifier)";
				PRODUCT_NAME = "$(TARGET_NAME)";
				TEST_HOST = "$(BUILT_PRODUCTS_DIR)/ImagePass.app/ImagePass";
			};
			name = Release;
		};
/* End XCBuildConfiguration section */

/* Begin XCConfigurationList section */
		4D2B403E1BA951F100297939 /* Build configuration list for PBXProject "ImagePass" */ = {
			isa = XCConfigurationList;
			buildConfigurations = (
				4D2B40601BA951F100297939 /* Debug */,
				4D2B40611BA951F100297939 /* Release */,
			);
			defaultConfigurationIsVisible = 0;
			defaultConfigurationName = Release;
		};
		4D2B40621BA951F100297939 /* Build configuration list for PBXNativeTarget "ImagePass" */ = {
			isa = XCConfigurationList;
			buildConfigurations = (
				4D2B40631BA951F100297939 /* Debug */,
				4D2B40641BA951F100297939 /* Release */,
			);
			defaultConfigurationIsVisible = 0;
			defaultConfigurationName = Release;
		};
		4D2B40651BA951F100297939 /* Build configuration list for PBXNativeTarget "ImagePassTests" */ = {
			isa = XCConfigurationList;
			buildConfigurations = (
				4D2B40661BA951F100297939 /* Debug */,
				4D2B40671BA951F100297939 /* Release */,
			);
			defaultConfigurationIsVisible = 0;
			defaultConfigurationName = Release;
		};
/* End XCConfigurationList section */
	};
	rootObject = 4D2B403B1BA951F100297939 /* Project object */;
}
